
Microsoft Visual Studio Solution File, Format Version 12.00
# Visual Studio Version 17
VisualStudioVersion = 17.4.33213.308
MinimumVisualStudioVersion = 10.0.40219.1
Project("{FAE04EC0-301F-11D3-BF4B-00C04F79EFBC}") = "work1", "work1\work1.csproj", "{453241AC-3C7F-4FB4-BDAF-53D86260C98E}"
EndProject
Global
	GlobalSection(SolutionConfigurationPlatforms) = preSolution
		Debug|Any CPU = Debug|Any CPU
		Release|Any CPU = Release|Any CPU
	EndGlobalSection
	GlobalSection(ProjectConfigurationPlatforms) = postSolution
		{453241AC-3C7F-4FB4-BDAF-53D86260C98E}.Debug|Any CPU.ActiveCfg = Debug|Any CPU
		{453241AC-3C7F-4FB4-BDAF-53D86260C98E}.Debug|Any CPU.Build.0 = Debug|Any CPU
		{453241AC-3C7F-4FB4-BDAF-53D86260C98E}.Release|Any CPU.ActiveCfg = Release|Any CPU
		{453241AC-3C7F-4FB4-BDAF-53D86260C98E}.Release|Any CPU.Build.0 = Release|Any CPU
	EndGlobalSection
	GlobalSection(SolutionProperties) = preSolution
		HideSolutionNode = FALSE
	EndGlobalSection
	GlobalSection(ExtensibilityGlobals) = postSolution
		SolutionGuid = {742607BF-0195-4572-BFB3-B7FB5678EA6F}
	EndGlobalSection
EndGlobal
